<?xml version="1.0" encoding="utf-8"?>
<Project ToolsVersion="4.0" xmlns="http://schemas.microsoft.com/developer/msbuild/2003">
  <ItemGroup>
    <Filter Include="Source Files">
      <UniqueIdentifier>{4FC737F1-C7A5-4376-A066-2A32D752A2FF}</UniqueIdentifier>
      <Extensions>cpp;c;cc;cxx;c++;cppm;ixx;def;odl;idl;hpj;bat;asm;asmx</Extensions>
    </Filter>
    <Filter Include="Header Files">
      <UniqueIdentifier>{93995380-89BD-4b04-88EB-625FBE52EBFB}</UniqueIdentifier>
      <Extensions>h;hh;hpp;hxx;h++;hm;inl;inc;ipp;xsd</Extensions>
    </Filter>
    <Filter Include="Resource Files">
      <UniqueIdentifier>{67DA6AB6-F800-4c08-8B7A-83BB121AAD01}</UniqueIdentifier>
      <Extensions>rc;ico;cur;bmp;dlg;rc2;rct;bin;rgs;gif;jpg;jpeg;jpe;resx;tiff;tif;png;wav;mfcribbon-ms</Extensions>
    </Filter>
    <Filter Include="Tcl Files">
      <UniqueIdentifier>{8a20068a-6fda-4604-93b7-63e1952f2b01}</UniqueIdentifier>
    </Filter>
  </ItemGroup>
  <ItemGroup>
    <ClCompile Include="cal_tcl.cpp">
      <Filter>Source Files</Filter>
    </ClCompile>
    <ClCompile Include="dateeditor.cpp">
      <Filter>Source Files</Filter>
    </ClCompile>
    <ClCompile Include="dispatch.cpp">
      <Filter>Source Files</Filter>
    </ClCompile>
    <ClCompile Include="ical.cpp">
      <Filter>Source Files</Filter>
    </ClCompile>
    <ClCompile Include="ical_tcl.cpp">
      <Filter>Source Files</Filter>
    </ClCompile>
    <ClCompile Include="item_tcl.cpp">
      <Filter>Source Files</Filter>
    </ClCompile>
    <ClCompile Include="main.cpp">
      <Filter>Source Files</Filter>
    </ClCompile>
    <ClCompile Include="object.cpp">
      <Filter>Source Files</Filter>
    </ClCompile>
    <ClCompile Include="time_tcl.cpp">
      <Filter>Source Files</Filter>
    </ClCompile>
    <ClCompile Include="types\bitvec.cpp">
      <Filter>Source Files</Filter>
    </ClCompile>
    <ClCompile Include="types\hashfuncs.cpp">
      <Filter>Source Files</Filter>
    </ClCompile>
    <ClCompile Include="types\intset.cpp">
      <Filter>Source Files</Filter>
    </ClCompile>
    <ClCompile Include="calendar\calendar.cpp">
      <Filter>Source Files</Filter>
    </ClCompile>
    <ClCompile Include="calendar\calfile.cpp">
      <Filter>Source Files</Filter>
    </ClCompile>
    <ClCompile Include="calendar\dateset.cpp">
      <Filter>Source Files</Filter>
    </ClCompile>
    <ClCompile Include="calendar\item.cpp">
      <Filter>Source Files</Filter>
    </ClCompile>
    <ClCompile Include="calendar\lexer.cpp">
      <Filter>Source Files</Filter>
    </ClCompile>
    <ClCompile Include="calendar\misc.cpp">
      <Filter>Source Files</Filter>
    </ClCompile>
    <ClCompile Include="calendar\options.cpp">
      <Filter>Source Files</Filter>
    </ClCompile>
    <ClCompile Include="calendar\smallintset.cpp">
      <Filter>Source Files</Filter>
    </ClCompile>
    <ClCompile Include="calendar\uid.cpp">
      <Filter>Source Files</Filter>
    </ClCompile>
    <ClCompile Include="time\Date.cpp">
      <Filter>Source Files</Filter>
    </ClCompile>
    <ClCompile Include="time\Month.cpp">
      <Filter>Source Files</Filter>
    </ClCompile>
    <ClCompile Include="time\parse.cpp">
      <Filter>Source Files</Filter>
    </ClCompile>
    <ClCompile Include="time\Time.cpp">
      <Filter>Source Files</Filter>
    </ClCompile>
    <ClCompile Include="time\WeekDay.cpp">
      <Filter>Source Files</Filter>
    </ClCompile>
  </ItemGroup>
  <ItemGroup>
    <ClInclude Include="config.h">
      <Filter>Header Files</Filter>
    </ClInclude>
    <ClInclude Include="object.h">
      <Filter>Header Files</Filter>
    </ClInclude>
    <ClInclude Include="item_tcl.h">
      <Filter>Header Files</Filter>
    </ClInclude>
    <ClInclude Include="ical.h">
      <Filter>Header Files</Filter>
    </ClInclude>
    <ClInclude Include="dispatch.h">
      <Filter>Header Files</Filter>
    </ClInclude>
    <ClInclude Include="collect.h">
      <Filter>Header Files</Filter>
    </ClInclude>
    <ClInclude Include="types\Array.h">
      <Filter>Header Files</Filter>
    </ClInclude>
    <ClInclude Include="types\basic.h">
      <Filter>Header Files</Filter>
    </ClInclude>
    <ClInclude Include="types\bitvec.h">
      <Filter>Header Files</Filter>
    </ClInclude>
    <ClInclude Include="types\hashfuncs.h">
      <Filter>Header Files</Filter>
    </ClInclude>
    <ClInclude Include="types\htable.h">
      <Filter>Header Files</Filter>
    </ClInclude>
    <ClInclude Include="types\htable_p.h">
      <Filter>Header Files</Filter>
    </ClInclude>
    <ClInclude Include="types\intset.h">
      <Filter>Header Files</Filter>
    </ClInclude>
    <ClInclude Include="types\ohashset.h">
      <Filter>Header Files</Filter>
    </ClInclude>
    <ClInclude Include="types\tablerep.h">
      <Filter>Header Files</Filter>
    </ClInclude>
    <ClInclude Include="calendar\calendar.h">
      <Filter>Header Files</Filter>
    </ClInclude>
    <ClInclude Include="calendar\calfile.h">
      <Filter>Header Files</Filter>
    </ClInclude>
    <ClInclude Include="calendar\dateset.h">
      <Filter>Header Files</Filter>
    </ClInclude>
    <ClInclude Include="calendar\item.h">
      <Filter>Header Files</Filter>
    </ClInclude>
    <ClInclude Include="calendar\itemmap.h">
      <Filter>Header Files</Filter>
    </ClInclude>
    <ClInclude Include="calendar\lexer.h">
      <Filter>Header Files</Filter>
    </ClInclude>
    <ClInclude Include="calendar\misc.h">
      <Filter>Header Files</Filter>
    </ClInclude>
    <ClInclude Include="calendar\options.h">
      <Filter>Header Files</Filter>
    </ClInclude>
    <ClInclude Include="calendar\smallintset.h">
      <Filter>Header Files</Filter>
    </ClInclude>
    <ClInclude Include="calendar\statfix.h">
      <Filter>Header Files</Filter>
    </ClInclude>
    <ClInclude Include="calendar\uid.h">
      <Filter>Header Files</Filter>
    </ClInclude>
    <ClInclude Include="calendar\version.h">
      <Filter>Header Files</Filter>
    </ClInclude>
    <ClInclude Include="time\Date.h">
      <Filter>Header Files</Filter>
    </ClInclude>
    <ClInclude Include="time\Month.h">
      <Filter>Header Files</Filter>
    </ClInclude>
    <ClInclude Include="time\parse.h">
      <Filter>Header Files</Filter>
    </ClInclude>
    <ClInclude Include="time\Time_.h">
      <Filter>Header Files</Filter>
    </ClInclude>
    <ClInclude Include="time\WeekDay.h">
      <Filter>Header Files</Filter>
    </ClInclude>
    <ClInclude Include="cal_tcl.h">
      <Filter>Header Files</Filter>
    </ClInclude>
    <ClInclude Include="resource.h">
      <Filter>Header Files</Filter>
    </ClInclude>
    <ClInclude Include="calendar\arrays.h">
      <Filter>Header Files</Filter>
    </ClInclude>
  </ItemGroup>
  <ItemGroup>
    <None Include="bitmaps\dleft.xbm" />
    <None Include="bitmaps\done.xbm" />
    <None Include="bitmaps\dright.xbm" />
    <None Include="bitmaps\ical.xbm" />
    <None Include="bitmaps\left.xbm" />
    <None Include="bitmaps\right.xbm" />
    <None Include="bitmaps\sleft.xbm" />
    <None Include="bitmaps\sright.xbm" />
    <None Include="bitmaps\todo.xbm" />
    <None Include="tcl\actions.tcl" />
    <None Include="tcl\alarm.tcl" />
    <None Include="tcl\apptlist.tcl" />
    <None Include="tcl\canvsup.tcl" />
    <None Include="tcl\dateeditor.tcl" />
    <None Include="tcl\dayview.tcl" />
    <None Include="tcl\dg_alarms.tcl" />
    <None Include="tcl\dg_colors.tcl" />
    <None Include="tcl\dg_item.tcl" />
    <None Include="tcl\dg_key.tcl" />
    <None Include="tcl\dg_monthr.tcl" />
    <None Include="tcl\dg_print.tcl" />
    <None Include="tcl\dg_range.tcl" />
    <None Include="tcl\dg_wdays.tcl" />
    <None Include="tcl\help.tcl" />
    <None Include="tcl\ical_doc.tcl" />
    <None Include="tcl\ical_text.tcl" />
    <None Include="tcl\ical_x.tcl" />
    <None Include="tcl\interface_doc.tcl" />
    <None Include="tcl\io.tcl" />
    <None Include="tcl\itemlist.tcl" />
    <None Include="tcl\itemwindow.tcl" />
    <None Include="tcl\link.tcl" />
    <None Include="tcl\listing.tcl" />
    <None Include="tcl\notelist.tcl" />
    <None Include="tcl\parse.tcl" />
    <None Include="tcl\pref.tcl" />
    <None Include="tcl\print.tcl" />
    <None Include="tcl\ps_header.tcl" />
    <None Include="tcl\startup.tcl" />
    <None Include="tcl\support.tcl" />
    <None Include="tcl\tclIndex" />
    <None Include="tcl\tcllib\canvas.tcl" />
    <None Include="tcl\tcllib\class.tcl" />
    <None Include="tcl\tcllib\dg_bug.tcl" />
    <None Include="tcl\tcllib\dg_error.tcl" />
    <None Include="tcl\tcllib\dg_file.tcl" />
    <None Include="tcl\tcllib\dg_num.tcl" />
    <None Include="tcl\tcllib\dg_string.tcl" />
    <None Include="tcl\tcllib\dg_yn.tcl" />
    <None Include="tcl\tcllib\dg_ync.tcl" />
    <None Include="tcl\tcllib\filesel.tcl" />
    <None Include="tcl\tcllib\hooks.tcl" />
    <None Include="tcl\tcllib\key.tcl" />
    <None Include="tcl\tcllib\label.tcl" />
    <None Include="tcl\tcllib\menus.tcl" />
    <None Include="tcl\tcllib\ruler.tcl" />
    <None Include="tcl\tcllib\support.tcl" />
    <None Include="tcl\tcllib\tclIndex" />
    <None Include="tcl\tcllib\textwin.tcl" />
    <None Include="tcl\timerange.tcl" />
    <None Include="tcl\trigger.tcl" />
  </ItemGroup>
  <ItemGroup>
    <ResourceCompile Include="ical-win32.rc">
      <Filter>Resource Files</Filter>
    </ResourceCompile>
  </ItemGroup>
  <ItemGroup>
    <Image Include="bitmaps\ical_icon.ico">
      <Filter>Resource Files</Filter>
    </Image>
  </ItemGroup>
</Project>