
Microsoft Visual Studio Solution File, Format Version 12.00
# Visual Studio Version 17
VisualStudioVersion = 17.7.34031.279
MinimumVisualStudioVersion = 10.0.40219.1
Project("{8BC9CEB8-8B4A-11D0-8D11-00A0C91BC942}") = "ical-win32", "ical-win32.vcxproj", "{71C70DCF-4A1B-4097-BD90-99111CBFF0B7}"
EndProject
Global
	GlobalSection(SolutionConfigurationPlatforms) = preSolution
		Debug|x64 = Debug|x64
		Debug|x86 = Debug|x86
		Release|x64 = Release|x64
		Release|x86 = Release|x86
		StaticTest|x64 = StaticTest|x64
		StaticTest|x86 = StaticTest|x86
	EndGlobalSection
	GlobalSection(ProjectConfigurationPlatforms) = postSolution
		{71C70DCF-4A1B-4097-BD90-99111CBFF0B7}.Debug|x64.ActiveCfg = Debug|x64
		{71C70DCF-4A1B-4097-BD90-99111CBFF0B7}.Debug|x64.Build.0 = Debug|x64
		{71C70DCF-4A1B-4097-BD90-99111CBFF0B7}.Debug|x86.ActiveCfg = Debug|Win32
		{71C70DCF-4A1B-4097-BD90-99111CBFF0B7}.Debug|x86.Build.0 = Debug|Win32
		{71C70DCF-4A1B-4097-BD90-99111CBFF0B7}.Release|x64.ActiveCfg = Release|x64
		{71C70DCF-4A1B-4097-BD90-99111CBFF0B7}.Release|x64.Build.0 = Release|x64
		{71C70DCF-4A1B-4097-BD90-99111CBFF0B7}.Release|x86.ActiveCfg = Release|Win32
		{71C70DCF-4A1B-4097-BD90-99111CBFF0B7}.Release|x86.Build.0 = Release|Win32
		{71C70DCF-4A1B-4097-BD90-99111CBFF0B7}.StaticTest|x64.ActiveCfg = StaticTest|x64
		{71C70DCF-4A1B-4097-BD90-99111CBFF0B7}.StaticTest|x64.Build.0 = StaticTest|x64
		{71C70DCF-4A1B-4097-BD90-99111CBFF0B7}.StaticTest|x86.ActiveCfg = StaticTest|Win32
		{71C70DCF-4A1B-4097-BD90-99111CBFF0B7}.StaticTest|x86.Build.0 = StaticTest|Win32
	EndGlobalSection
	GlobalSection(SolutionProperties) = preSolution
		HideSolutionNode = FALSE
	EndGlobalSection
	GlobalSection(ExtensibilityGlobals) = postSolution
		SolutionGuid = {1B3ADC5D-244A-4C63-BF8A-2007C3A88940}
	EndGlobalSection
EndGlobal
